// !$*UTF8*$!
{
	archiveVersion = 1;
	classes = {
	};
	objectVersion = 55;
	objects = {

/* Begin PBXBuildFile section */
		D664D0662759A8D9003D23F8 /* AppDelegate.swift in Sources */ = {isa = PBXBuildFile; fileRef = D664D0652759A8D9003D23F8 /* AppDelegate.swift */; };
		D664D0682759A8D9003D23F8 /* SceneDelegate.swift in Sources */ = {isa = PBXBuildFile; fileRef = D664D0672759A8D9003D23F8 /* SceneDelegate.swift */; };
		D664D06D2759A8D9003D23F8 /* Main.storyboard in Resources */ = {isa = PBXBuildFile; fileRef = D664D06B2759A8D9003D23F8 /* Main.storyboard */; };
		D664D06F2759A8E1003D23F8 /* Assets.xcassets in Resources */ = {isa = PBXBuildFile; fileRef = D664D06E2759A8E1003D23F8 /* Assets.xcassets */; };
		D664D0722759A8E1003D23F8 /* LaunchScreen.storyboard in Resources */ = {isa = PBXBuildFile; fileRef = D664D0702759A8E1003D23F8 /* LaunchScreen.storyboard */; };
		D664D0802759AC65003D23F8 /* 想見你想見你想見你.mp3 in Resources */ = {isa = PBXBuildFile; fileRef = D664D07C2759AC65003D23F8 /* 想見你想見你想見你.mp3 */; };
		D664D0812759AC65003D23F8 /* 備胎.mp3 in Resources */ = {isa = PBXBuildFile; fileRef = D664D07D2759AC65003D23F8 /* 備胎.mp3 */; };
		D664D0822759AC65003D23F8 /* 如果能幸福.mp3 in Resources */ = {isa = PBXBuildFile; fileRef = D664D07E2759AC65003D23F8 /* 如果能幸福.mp3 */; };
		D664D0842759AFA7003D23F8 /* MusicPlayerTableViewController.swift in Sources */ = {isa = PBXBuildFile; fileRef = D664D0832759AFA7003D23F8 /* MusicPlayerTableViewController.swift */; };
		D664D0862759BEB2003D23F8 /* CDImage.swift in Sources */ = {isa = PBXBuildFile; fileRef = D664D0852759BEB1003D23F8 /* CDImage.swift */; };
		D664D08A2759C411003D23F8 /* MyParticle.sks in Resources */ = {isa = PBXBuildFile; fileRef = D664D0892759C411003D23F8 /* MyParticle.sks */; };
		D664D08C2759DB31003D23F8 /* 好愛好散.mp3 in Resources */ = {isa = PBXBuildFile; fileRef = D664D08B2759DB30003D23F8 /* 好愛好散.mp3 */; };
		D664D08E2759DC74003D23F8 /* 如果可以.mp3 in Resources */ = {isa = PBXBuildFile; fileRef = D664D08D2759DC74003D23F8 /* 如果可以.mp3 */; };
		D664D092275A4246003D23F8 /* SongData.swift in Sources */ = {isa = PBXBuildFile; fileRef = D664D091275A4246003D23F8 /* SongData.swift */; };
/* End PBXBuildFile section */

/* Begin PBXFileReference section */
		D664D0622759A8D9003D23F8 /* Homework30MusicPlayerApp.app */ = {isa = PBXFileReference; explicitFileType = wrapper.application; includeInIndex = 0; path = Homework30MusicPlayerApp.app; sourceTree = BUILT_PRODUCTS_DIR; };
		D664D0652759A8D9003D23F8 /* AppDelegate.swift */ = {isa = PBXFileReference; lastKnownFileType = sourcecode.swift; path = AppDelegate.swift; sourceTree = "<group>"; };
		D664D0672759A8D9003D23F8 /* SceneDelegate.swift */ = {isa = PBXFileReference; lastKnownFileType = sourcecode.swift; path = SceneDelegate.swift; sourceTree = "<group>"; };
		D664D06C2759A8D9003D23F8 /* Base */ = {isa = PBXFileReference; lastKnownFileType = file.storyboard; name = Base; path = Base.lproj/Main.storyboard; sourceTree = "<group>"; };
		D664D06E2759A8E1003D23F8 /* Assets.xcassets */ = {isa = PBXFileReference; lastKnownFileType = folder.assetcatalog; path = Assets.xcassets; sourceTree = "<group>"; };
		D664D0712759A8E1003D23F8 /* Base */ = {isa = PBXFileReference; lastKnownFileType = file.storyboard; name = Base; path = Base.lproj/LaunchScreen.storyboard; sourceTree = "<group>"; };
		D664D0732759A8E1003D23F8 /* Info.plist */ = {isa = PBXFileReference; lastKnownFileType = text.plist.xml; path = Info.plist; sourceTree = "<group>"; };
		D664D07C2759AC65003D23F8 /* 想見你想見你想見你.mp3 */ = {isa = PBXFileReference; lastKnownFileType = audio.mp3; path = "想見你想見你想見你.mp3"; sourceTree = "<group>"; };
		D664D07D2759AC65003D23F8 /* 備胎.mp3 */ = {isa = PBXFileReference; lastKnownFileType = audio.mp3; path = "備胎.mp3"; sourceTree = "<group>"; };
		D664D07E2759AC65003D23F8 /* 如果能幸福.mp3 */ = {isa = PBXFileReference; lastKnownFileType = audio.mp3; path = "如果能幸福.mp3"; sourceTree = "<group>"; };
		D664D0832759AFA7003D23F8 /* MusicPlayerTableViewController.swift */ = {isa = PBXFileReference; lastKnownFileType = sourcecode.swift; path = MusicPlayerTableViewController.swift; sourceTree = "<group>"; };
		D664D0852759BEB1003D23F8 /* CDImage.swift */ = {isa = PBXFileReference; lastKnownFileType = sourcecode.swift; path = CDImage.swift; sourceTree = "<group>"; };
		D664D0892759C411003D23F8 /* MyParticle.sks */ = {isa = PBXFileReference; lastKnownFileType = file.sks; path = MyParticle.sks; sourceTree = "<group>"; };
		D664D08B2759DB30003D23F8 /* 好愛好散.mp3 */ = {isa = PBXFileReference; lastKnownFileType = audio.mp3; path = "好愛好散.mp3"; sourceTree = "<group>"; };
		D664D08D2759DC74003D23F8 /* 如果可以.mp3 */ = {isa = PBXFileReference; lastKnownFileType = audio.mp3; path = "如果可以.mp3"; sourceTree = "<group>"; };
		D664D091275A4246003D23F8 /* SongData.swift */ = {isa = PBXFileReference; lastKnownFileType = sourcecode.swift; path = SongData.swift; sourceTree = "<group>"; };
/* End PBXFileReference section */

/* Begin PBXFrameworksBuildPhase section */
		D664D05F2759A8D9003D23F8 /* Frameworks */ = {
			isa = PBXFrameworksBuildPhase;
			buildActionMask = 2147483647;
			files = (
			);
			runOnlyForDeploymentPostprocessing = 0;
		};
/* End PBXFrameworksBuildPhase section */

/* Begin PBXGroup section */
		D664D0592759A8D8003D23F8 = {
			isa = PBXGroup;
			children = (
				D664D0642759A8D9003D23F8 /* Homework30MusicPlayerApp */,
				D664D0632759A8D9003D23F8 /* Products */,
			);
			sourceTree = "<group>";
		};
		D664D0632759A8D9003D23F8 /* Products */ = {
			isa = PBXGroup;
			children = (
				D664D0622759A8D9003D23F8 /* Homework30MusicPlayerApp.app */,
			);
			name = Products;
			sourceTree = "<group>";
		};
		D664D0642759A8D9003D23F8 /* Homework30MusicPlayerApp */ = {
			isa = PBXGroup;
			children = (
				D664D0652759A8D9003D23F8 /* AppDelegate.swift */,
				D664D0672759A8D9003D23F8 /* SceneDelegate.swift */,
				D664D06B2759A8D9003D23F8 /* Main.storyboard */,
				D664D0892759C411003D23F8 /* MyParticle.sks */,
				D664D0832759AFA7003D23F8 /* MusicPlayerTableViewController.swift */,
				D664D091275A4246003D23F8 /* SongData.swift */,
				D664D0852759BEB1003D23F8 /* CDImage.swift */,
				D664D06E2759A8E1003D23F8 /* Assets.xcassets */,
				D664D0702759A8E1003D23F8 /* LaunchScreen.storyboard */,
				D664D0732759A8E1003D23F8 /* Info.plist */,
				D664D08D2759DC74003D23F8 /* 如果可以.mp3 */,
				D664D07D2759AC65003D23F8 /* 備胎.mp3 */,
				D664D07E2759AC65003D23F8 /* 如果能幸福.mp3 */,
				D664D07C2759AC65003D23F8 /* 想見你想見你想見你.mp3 */,
				D664D08B2759DB30003D23F8 /* 好愛好散.mp3 */,
			);
			path = Homework30MusicPlayerApp;
			sourceTree = "<group>";
		};
/* End PBXGroup section */

/* Begin PBXNativeTarget section */
		D664D0612759A8D9003D23F8 /* Homework30MusicPlayerApp */ = {
			isa = PBXNativeTarget;
			buildConfigurationList = D664D0762759A8E1003D23F8 /* Build configuration list for PBXNativeTarget "Homework30MusicPlayerApp" */;
			buildPhases = (
				D664D05E2759A8D9003D23F8 /* Sources */,
				D664D05F2759A8D9003D23F8 /* Frameworks */,
				D664D0602759A8D9003D23F8 /* Resources */,
			);
			buildRules = (
			);
			dependencies = (
			);
			name = Homework30MusicPlayerApp;
			productName = Homework30MusicPlayerApp;
			productReference = D664D0622759A8D9003D23F8 /* Homework30MusicPlayerApp.app */;
			productType = "com.apple.product-type.application";
		};
/* End PBXNativeTarget section */

/* Begin PBXProject section */
		D664D05A2759A8D8003D23F8 /* Project object */ = {
			isa = PBXProject;
			attributes = {
				BuildIndependentTargetsInParallel = 1;
				LastSwiftUpdateCheck = 1310;
				LastUpgradeCheck = 1310;
				TargetAttributes = {
					D664D0612759A8D9003D23F8 = {
						CreatedOnToolsVersion = 13.1;
					};
				};
			};
			buildConfigurationList = D664D05D2759A8D8003D23F8 /* Build configuration list for PBXProject "Homework30MusicPlayerApp" */;
			compatibilityVersion = "Xcode 13.0";
			developmentRegion = en;
			hasScannedForEncodings = 0;
			knownRegions = (
				en,
				Base,
			);
			mainGroup = D664D0592759A8D8003D23F8;
			productRefGroup = D664D0632759A8D9003D23F8 /* Products */;
			projectDirPath = "";
			projectRoot = "";
			targets = (
				D664D0612759A8D9003D23F8 /* Homework30MusicPlayerApp */,
			);
		};
/* End PBXProject section */

/* Begin PBXResourcesBuildPhase section */
		D664D0602759A8D9003D23F8 /* Resources */ = {
			isa = PBXResourcesBuildPhase;
			buildActionMask = 2147483647;
			files = (
				D664D0822759AC65003D23F8 /* 如果能幸福.mp3 in Resources */,
				D664D0812759AC65003D23F8 /* 備胎.mp3 in Resources */,
				D664D08C2759DB31003D23F8 /* 好愛好散.mp3 in Resources */,
				D664D08A2759C411003D23F8 /* MyParticle.sks in Resources */,
				D664D0722759A8E1003D23F8 /* LaunchScreen.storyboard in Resources */,
				D664D06F2759A8E1003D23F8 /* Assets.xcassets in Resources */,
				D664D08E2759DC74003D23F8 /* 如果可以.mp3 in Resources */,
				D664D06D2759A8D9003D23F8 /* Main.storyboard in Resources */,
				D664D0802759AC65003D23F8 /* 想見你想見你想見你.mp3 in Resources */,
			);
			runOnlyForDeploymentPostprocessing = 0;
		};
/* End PBXResourcesBuildPhase section */

/* Begin PBXSourcesBuildPhase section */
		D664D05E2759A8D9003D23F8 /* Sources */ = {
			isa = PBXSourcesBuildPhase;
			buildActionMask = 2147483647;
			files = (
				D664D0662759A8D9003D23F8 /* AppDelegate.swift in Sources */,
				D664D0682759A8D9003D23F8 /* SceneDelegate.swift in Sources */,
				D664D0862759BEB2003D23F8 /* CDImage.swift in Sources */,
				D664D092275A4246003D23F8 /* SongData.swift in Sources */,
				D664D0842759AFA7003D23F8 /* MusicPlayerTableViewController.swift in Sources */,
			);
			runOnlyForDeploymentPostprocessing = 0;
		};
/* End PBXSourcesBuildPhase section */

/* Begin PBXVariantGroup section */
		D664D06B2759A8D9003D23F8 /* Main.storyboard */ = {
			isa = PBXVariantGroup;
			children = (
				D664D06C2759A8D9003D23F8 /* Base */,
			);
			name = Main.storyboard;
			sourceTree = "<group>";
		};
		D664D0702759A8E1003D23F8 /* LaunchScreen.storyboard */ = {
			isa = PBXVariantGroup;
			children = (
				D664D0712759A8E1003D23F8 /* Base */,
			);
			name = LaunchScreen.storyboard;
			sourceTree = "<group>";
		};
/* End PBXVariantGroup section */

/* Begin XCBuildConfiguration section */
		D664D0742759A8E1003D23F8 /* Debug */ = {
			isa = XCBuildConfiguration;
			buildSettings = {
				ALWAYS_SEARCH_USER_PATHS = NO;
				CLANG_ANALYZER_NONNULL = YES;
				CLANG_ANALYZER_NUMBER_OBJECT_CONVERSION = YES_AGGRESSIVE;
				CLANG_CXX_LANGUAGE_STANDARD = "gnu++17";
				CLANG_CXX_LIBRARY = "libc++";
				CLANG_ENABLE_MODULES = YES;
				CLANG_ENABLE_OBJC_ARC = YES;
				CLANG_ENABLE_OBJC_WEAK = YES;
				CLANG_WARN_BLOCK_CAPTURE_AUTORELEASING = YES;
				CLANG_WARN_BOOL_CONVERSION = YES;
				CLANG_WARN_COMMA = YES;
				CLANG_WARN_CONSTANT_CONVERSION = YES;
				CLANG_WARN_DEPRECATED_OBJC_IMPLEMENTATIONS = YES;
				CLANG_WARN_DIRECT_OBJC_ISA_USAGE = YES_ERROR;
				CLANG_WARN_DOCUMENTATION_COMMENTS = YES;
				CLANG_WARN_EMPTY_BODY = YES;
				CLANG_WARN_ENUM_CONVERSION = YES;
				CLANG_WARN_INFINITE_RECURSION = YES;
				CLANG_WARN_INT_CONVERSION = YES;
				CLANG_WARN_NON_LITERAL_NULL_CONVERSION = YES;
				CLANG_WARN_OBJC_IMPLICIT_RETAIN_SELF = YES;
				CLANG_WARN_OBJC_LITERAL_CONVERSION = YES;
				CLANG_WARN_OBJC_ROOT_CLASS = YES_ERROR;
				CLANG_WARN_QUOTED_INCLUDE_IN_FRAMEWORK_HEADER = YES;
				CLANG_WARN_RANGE_LOOP_ANALYSIS = YES;
				CLANG_WARN_STRICT_PROTOTYPES = YES;
				CLANG_WARN_SUSPICIOUS_MOVE = YES;
				CLANG_WARN_UNGUARDED_AVAILABILITY = YES_AGGRESSIVE;
				CLANG_WARN_UNREACHABLE_CODE = YES;
				CLANG_WARN__DUPLICATE_METHOD_MATCH = YES;
				COPY_PHASE_STRIP = NO;
				DEBUG_INFORMATION_FORMAT = dwarf;
				ENABLE_STRICT_OBJC_MSGSEND = YES;
				ENABLE_TESTABILITY = YES;
				GCC_C_LANGUAGE_STANDARD = gnu11;
				GCC_DYNAMIC_NO_PIC = NO;
				GCC_NO_COMMON_BLOCKS = YES;
				GCC_OPTIMIZATION_LEVEL = 0;
				GCC_PREPROCESSOR_DEFINITIONS = (
					"DEBUG=1",
					"$(inherited)",
				);
				GCC_WARN_64_TO_32_BIT_CONVERSION = YES;
				GCC_WARN_ABOUT_RETURN_TYPE = YES_ERROR;
				GCC_WARN_UNDECLARED_SELECTOR = YES;
				GCC_WARN_UNINITIALIZED_AUTOS = YES_AGGRESSIVE;
				GCC_WARN_UNUSED_FUNCTION = YES;
				GCC_WARN_UNUSED_VARIABLE = YES;
				IPHONEOS_DEPLOYMENT_TARGET = 15.0;
				MTL_ENABLE_DEBUG_INFO = INCLUDE_SOURCE;
				MTL_FAST_MATH = YES;
				ONLY_ACTIVE_ARCH = YES;
				SDKROOT = iphoneos;
				SWIFT_ACTIVE_COMPILATION_CONDITIONS = DEBUG;
				SWIFT_OPTIMIZATION_LEVEL = "-Onone";
			};
			name = Debug;
		};
		D664D0752759A8E1003D23F8 /* Release */ = {
			isa = XCBuildConfiguration;
			buildSettings = {
				ALWAYS_SEARCH_USER_PATHS = NO;
				CLANG_ANALYZER_NONNULL = YES;
				CLANG_ANALYZER_NUMBER_OBJECT_CONVERSION = YES_AGGRESSIVE;
				CLANG_CXX_LANGUAGE_STANDARD = "gnu++17";
				CLANG_CXX_LIBRARY = "libc++";
				CLANG_ENABLE_MODULES = YES;
				CLANG_ENABLE_OBJC_ARC = YES;
				CLANG_ENABLE_OBJC_WEAK = YES;
				CLANG_WARN_BLOCK_CAPTURE_AUTORELEASING = YES;
				CLANG_WARN_BOOL_CONVERSION = YES;
				CLANG_WARN_COMMA = YES;
				CLANG_WARN_CONSTANT_CONVERSION = YES;
				CLANG_WARN_DEPRECATED_OBJC_IMPLEMENTATIONS = YES;
				CLANG_WARN_DIRECT_OBJC_ISA_USAGE = YES_ERROR;
				CLANG_WARN_DOCUMENTATION_COMMENTS = YES;
				CLANG_WARN_EMPTY_BODY = YES;
				CLANG_WARN_ENUM_CONVERSION = YES;
				CLANG_WARN_INFINITE_RECURSION = YES;
				CLANG_WARN_INT_CONVERSION = YES;
				CLANG_WARN_NON_LITERAL_NULL_CONVERSION = YES;
				CLANG_WARN_OBJC_IMPLICIT_RETAIN_SELF = YES;
				CLANG_WARN_OBJC_LITERAL_CONVERSION = YES;
				CLANG_WARN_OBJC_ROOT_CLASS = YES_ERROR;
				CLANG_WARN_QUOTED_INCLUDE_IN_FRAMEWORK_HEADER = YES;
				CLANG_WARN_RANGE_LOOP_ANALYSIS = YES;
				CLANG_WARN_STRICT_PROTOTYPES = YES;
				CLANG_WARN_SUSPICIOUS_MOVE = YES;
				CLANG_WARN_UNGUARDED_AVAILABILITY = YES_AGGRESSIVE;
				CLANG_WARN_UNREACHABLE_CODE = YES;
				CLANG_WARN__DUPLICATE_METHOD_MATCH = YES;
				COPY_PHASE_STRIP = NO;
				DEBUG_INFORMATION_FORMAT = "dwarf-with-dsym";
				ENABLE_NS_ASSERTIONS = NO;
				ENABLE_STRICT_OBJC_MSGSEND = YES;
				GCC_C_LANGUAGE_STANDARD = gnu11;
				GCC_NO_COMMON_BLOCKS = YES;
				GCC_WARN_64_TO_32_BIT_CONVERSION = YES;
				GCC_WARN_ABOUT_RETURN_TYPE = YES_ERROR;
				GCC_WARN_UNDECLARED_SELECTOR = YES;
				GCC_WARN_UNINITIALIZED_AUTOS = YES_AGGRESSIVE;
				GCC_WARN_UNUSED_FUNCTION = YES;
				GCC_WARN_UNUSED_VARIABLE = YES;
				IPHONEOS_DEPLOYMENT_TARGET = 15.0;
				MTL_ENABLE_DEBUG_INFO = NO;
				MTL_FAST_MATH = YES;
				SDKROOT = iphoneos;
				SWIFT_COMPILATION_MODE = wholemodule;
				SWIFT_OPTIMIZATION_LEVEL = "-O";
				VALIDATE_PRODUCT = YES;
			};
			name = Release;
		};
		D664D0772759A8E1003D23F8 /* Debug */ = {
			isa = XCBuildConfiguration;
			buildSettings = {
				ASSETCATALOG_COMPILER_APPICON_NAME = AppIcon;
				ASSETCATALOG_COMPILER_GLOBAL_ACCENT_COLOR_NAME = AccentColor;
				CODE_SIGN_STYLE = Automatic;
				CURRENT_PROJECT_VERSION = 1;
				DEVELOPMENT_TEAM = F25SU568R8;
				GENERATE_INFOPLIST_FILE = YES;
				INFOPLIST_FILE = Homework30MusicPlayerApp/Info.plist;
				INFOPLIST_KEY_UIApplicationSupportsIndirectInputEvents = YES;
				INFOPLIST_KEY_UILaunchStoryboardName = LaunchScreen;
				INFOPLIST_KEY_UIMainStoryboardFile = Main;
				INFOPLIST_KEY_UISupportedInterfaceOrientations_iPad = "UIInterfaceOrientationPortrait UIInterfaceOrientationPortraitUpsideDown UIInterfaceOrientationLandscapeLeft UIInterfaceOrientationLandscapeRight";
				INFOPLIST_KEY_UISupportedInterfaceOrientations_iPhone = "UIInterfaceOrientationPortrait UIInterfaceOrientationLandscapeLeft UIInterfaceOrientationLandscapeRight";
				LD_RUNPATH_SEARCH_PATHS = (
					"$(inherited)",
					"@executable_path/Frameworks",
				);
				MARKETING_VERSION = 1.0;
				PRODUCT_BUNDLE_IDENTIFIER = learnIOS.Homework30MusicPlayerApp;
				PRODUCT_NAME = "$(TARGET_NAME)";
				SWIFT_EMIT_LOC_STRINGS = YES;
				SWIFT_VERSION = 5.0;
				TARGETED_DEVICE_FAMILY = "1,2";
			};
			name = Debug;
		};
		D664D0782759A8E1003D23F8 /* Release */ = {
			isa = XCBuildConfiguration;
			buildSettings = {
				ASSETCATALOG_COMPILER_APPICON_NAME = AppIcon;
				ASSETCATALOG_COMPILER_GLOBAL_ACCENT_COLOR_NAME = AccentColor;
				CODE_SIGN_STYLE = Automatic;
				CURRENT_PROJECT_VERSION = 1;
				DEVELOPMENT_TEAM = F25SU568R8;
				GENERATE_INFOPLIST_FILE = YES;
				INFOPLIST_FILE = Homework30MusicPlayerApp/Info.plist;
				INFOPLIST_KEY_UIApplicationSupportsIndirectInputEvents = YES;
				INFOPLIST_KEY_UILaunchStoryboardName = LaunchScreen;
				INFOPLIST_KEY_UIMainStoryboardFile = Main;
				INFOPLIST_KEY_UISupportedInterfaceOrientations_iPad = "UIInterfaceOrientationPortrait UIInterfaceOrientationPortraitUpsideDown UIInterfaceOrientationLandscapeLeft UIInterfaceOrientationLandscapeRight";
				INFOPLIST_KEY_UISupportedInterfaceOrientations_iPhone = "UIInterfaceOrientationPortrait UIInterfaceOrientationLandscapeLeft UIInterfaceOrientationLandscapeRight";
				LD_RUNPATH_SEARCH_PATHS = (
					"$(inherited)",
					"@executable_path/Frameworks",
				);
				MARKETING_VERSION = 1.0;
				PRODUCT_BUNDLE_IDENTIFIER = learnIOS.Homework30MusicPlayerApp;
				PRODUCT_NAME = "$(TARGET_NAME)";
				SWIFT_EMIT_LOC_STRINGS = YES;
				SWIFT_VERSION = 5.0;
				TARGETED_DEVICE_FAMILY = "1,2";
			};
			name = Release;
		};
/* End XCBuildConfiguration section */

/* Begin XCConfigurationList section */
		D664D05D2759A8D8003D23F8 /* Build configuration list for PBXProject "Homework30MusicPlayerApp" */ = {
			isa = XCConfigurationList;
			buildConfigurations = (
				D664D0742759A8E1003D23F8 /* Debug */,
				D664D0752759A8E1003D23F8 /* Release */,
			);
			defaultConfigurationIsVisible = 0;
			defaultConfigurationName = Release;
		};
		D664D0762759A8E1003D23F8 /* Build configuration list for PBXNativeTarget "Homework30MusicPlayerApp" */ = {
			isa = XCConfigurationList;
			buildConfigurations = (
				D664D0772759A8E1003D23F8 /* Debug */,
				D664D0782759A8E1003D23F8 /* Release */,
			);
			defaultConfigurationIsVisible = 0;
			defaultConfigurationName = Release;
		};
/* End XCConfigurationList section */
	};
	rootObject = D664D05A2759A8D8003D23F8 /* Project object */;
}
